// !$*UTF8*$!
{
	archiveVersion = 1;
	classes = {
	};
	objectVersion = 48;
	objects = {

/* Begin PBXFileReference section */
		D33B62B52309A2EB004BCCA4 /* _README_ */ = {isa = PBXFileReference; lastKnownFileType = text; path = _README_; sourceTree = "<group>"; };
		D33B62B62309A2EB004BCCA4 /* font.c */ = {isa = PBXFileReference; lastKnownFileType = sourcecode.c.c; path = font.c; sourceTree = "<group>"; };
		D33B62B72309A2EB004BCCA4 /* font.xcf */ = {isa = PBXFileReference; lastKnownFileType = file; path = font.xcf; sourceTree = "<group>"; };
		D33B62B82309A2EB004BCCA4 /* Makefile */ = {isa = PBXFileReference; lastKnownFileType = sourcecode.make; path = Makefile; sourceTree = "<group>"; };
		D33B62B92309A2EB004BCCA4 /* man */ = {isa = PBXFileReference; lastKnownFileType = folder; path = man; sourceTree = "<group>"; };
		D33B62BA2309A2EB004BCCA4 /* mlx.h */ = {isa = PBXFileReference; lastKnownFileType = sourcecode.c.h; path = mlx.h; sourceTree = "<group>"; };
		D33B62BB2309A2EB004BCCA4 /* mlx_init_loop.m */ = {isa = PBXFileReference; lastKnownFileType = sourcecode.c.objc; path = mlx_init_loop.m; sourceTree = "<group>"; };
		D33B62BC2309A2EB004BCCA4 /* mlx_int.h */ = {isa = PBXFileReference; lastKnownFileType = sourcecode.c.h; path = mlx_int.h; sourceTree = "<group>"; };
		D33B62BD2309A2EB004BCCA4 /* mlx_int_str_to_wordtab.c */ = {isa = PBXFileReference; lastKnownFileType = sourcecode.c.c; path = mlx_int_str_to_wordtab.c; sourceTree = "<group>"; };
		D33B62BE2309A2EB004BCCA4 /* mlx_new_image.m */ = {isa = PBXFileReference; lastKnownFileType = sourcecode.c.objc; path = mlx_new_image.m; sourceTree = "<group>"; };
		D33B62BF2309A2EB004BCCA4 /* mlx_new_window.h */ = {isa = PBXFileReference; lastKnownFileType = sourcecode.c.h; path = mlx_new_window.h; sourceTree = "<group>"; };
		D33B62C02309A2EB004BCCA4 /* mlx_new_window.m */ = {isa = PBXFileReference; lastKnownFileType = sourcecode.c.objc; path = mlx_new_window.m; sourceTree = "<group>"; };
		D33B62C12309A2EB004BCCA4 /* mlx_rgb.c */ = {isa = PBXFileReference; lastKnownFileType = sourcecode.c.c; path = mlx_rgb.c; sourceTree = "<group>"; };
		D33B62C22309A2EB004BCCA4 /* mlx_shaders.c */ = {isa = PBXFileReference; lastKnownFileType = sourcecode.c.c; path = mlx_shaders.c; sourceTree = "<group>"; };
		D33B62C32309A2EB004BCCA4 /* mlx_xpm.c */ = {isa = PBXFileReference; lastKnownFileType = sourcecode.c.c; path = mlx_xpm.c; sourceTree = "<group>"; };
/* End PBXFileReference section */

/* Begin PBXGroup section */
		D33B62AF2309A2EB004BCCA4 = {
			isa = PBXGroup;
			children = (
				D33B62B52309A2EB004BCCA4 /* _README_ */,
				D33B62B62309A2EB004BCCA4 /* font.c */,
				D33B62B72309A2EB004BCCA4 /* font.xcf */,
				D33B62B82309A2EB004BCCA4 /* Makefile */,
				D33B62B92309A2EB004BCCA4 /* man */,
				D33B62BA2309A2EB004BCCA4 /* mlx.h */,
				D33B62BB2309A2EB004BCCA4 /* mlx_init_loop.m */,
				D33B62BC2309A2EB004BCCA4 /* mlx_int.h */,
				D33B62BD2309A2EB004BCCA4 /* mlx_int_str_to_wordtab.c */,
				D33B62BE2309A2EB004BCCA4 /* mlx_new_image.m */,
				D33B62BF2309A2EB004BCCA4 /* mlx_new_window.h */,
				D33B62C02309A2EB004BCCA4 /* mlx_new_window.m */,
				D33B62C12309A2EB004BCCA4 /* mlx_rgb.c */,
				D33B62C22309A2EB004BCCA4 /* mlx_shaders.c */,
				D33B62C32309A2EB004BCCA4 /* mlx_xpm.c */,
			);
			sourceTree = "<group>";
		};
/* End PBXGroup section */

/* Begin PBXLegacyTarget section */
		D33B62B42309A2EB004BCCA4 /* minilibx_macos */ = {
			isa = PBXLegacyTarget;
			buildArgumentsString = "$(ACTION)";
			buildConfigurationList = D33B62C42309A2EB004BCCA4 /* Build configuration list for PBXLegacyTarget "minilibx_macos" */;
			buildPhases = (
			);
			buildToolPath = /usr/bin/make;
			buildWorkingDirectory = /Users/lshellie/Desktop/Fdf/minilibx_macos;
			dependencies = (
			);
			name = minilibx_macos;
			passBuildSettingsInEnvironment = 1;
			productName = minilibx_macos;
		};
/* End PBXLegacyTarget section */

/* Begin PBXProject section */
		D33B62B02309A2EB004BCCA4 /* Project object */ = {
			isa = PBXProject;
			attributes = {
			};
			buildConfigurationList = D33B62B32309A2EB004BCCA4 /* Build configuration list for PBXProject "minilibx_macos" */;
			compatibilityVersion = "Xcode 8.0";
			developmentRegion = en;
			hasScannedForEncodings = 0;
			knownRegions = (
				en,
			);
			mainGroup = D33B62AF2309A2EB004BCCA4;
			projectDirPath = "";
			projectRoot = "";
			targets = (
				D33B62B42309A2EB004BCCA4 /* minilibx_macos */,
			);
		};
/* End PBXProject section */

/* Begin XCBuildConfiguration section */
		D33B62B12309A2EB004BCCA4 /* Debug */ = {
			isa = XCBuildConfiguration;
			buildSettings = {
				ARCHS = "$(ARCHS_STANDARD_32_BIT)";
				COPY_PHASE_STRIP = NO;
				GCC_WARN_ABOUT_RETURN_TYPE = YES;
				GCC_WARN_UNUSED_VARIABLE = YES;
				ONLY_ACTIVE_ARCH = YES;
				SDKROOT = macosx10.6;
			};
			name = Debug;
		};
		D33B62B22309A2EB004BCCA4 /* Release */ = {
			isa = XCBuildConfiguration;
			buildSettings = {
				ARCHS = "$(ARCHS_STANDARD_32_BIT)";
				COPY_PHASE_STRIP = YES;
				GCC_WARN_ABOUT_RETURN_TYPE = YES;
				GCC_WARN_UNUSED_VARIABLE = YES;
				SDKROOT = macosx10.6;
			};
			name = Release;
		};
		D33B62C52309A2EB004BCCA4 /* Debug */ = {
			isa = XCBuildConfiguration;
			buildSettings = {
				COPY_PHASE_STRIP = NO;
				DEBUGGING_SYMBOLS = YES;
				GCC_DYNAMIC_NO_PIC = NO;
				GCC_ENABLE_FIX_AND_CONTINUE = YES;
				GCC_GENERATE_DEBUGGING_SYMBOLS = YES;
				GCC_OPTIMIZATION_LEVEL = 0;
				OTHER_CFLAGS = "";
				OTHER_LDFLAGS = "";
				PRODUCT_NAME = minilibx_macos;
			};
			name = Debug;
		};
		D33B62C62309A2EB004BCCA4 /* Release */ = {
			isa = XCBuildConfiguration;
			buildSettings = {
				COPY_PHASE_STRIP = YES;
				DEBUG_INFORMATION_FORMAT = "dwarf-with-dsym";
				GCC_ENABLE_FIX_AND_CONTINUE = NO;
				OTHER_CFLAGS = "";
				OTHER_LDFLAGS = "";
				PRODUCT_NAME = minilibx_macos;
			};
			name = Release;
		};
/* End XCBuildConfiguration section */

/* Begin XCConfigurationList section */
		D33B62B32309A2EB004BCCA4 /* Build configuration list for PBXProject "minilibx_macos" */ = {
			isa = XCConfigurationList;
			buildConfigurations = (
				D33B62B12309A2EB004BCCA4 /* Debug */,
				D33B62B22309A2EB004BCCA4 /* Release */,
			);
			defaultConfigurationIsVisible = 0;
			defaultConfigurationName = Release;
		};
		D33B62C42309A2EB004BCCA4 /* Build configuration list for PBXLegacyTarget "minilibx_macos" */ = {
			isa = XCConfigurationList;
			buildConfigurations = (
				D33B62C52309A2EB004BCCA4 /* Debug */,
				D33B62C62309A2EB004BCCA4 /* Release */,
			);
			defaultConfigurationIsVisible = 0;
			defaultConfigurationName = Release;
		};
/* End XCConfigurationList section */
	};
	rootObject = D33B62B02309A2EB004BCCA4 /* Project object */;
}
